
Microsoft Visual Studio Solution File, Format Version 12.00
# Visual Studio Version 17
VisualStudioVersion = 17.1.32228.430
MinimumVisualStudioVersion = 10.0.40219.1
Project("{9A19103F-16F7-4668-BE54-9A1E7A4F7556}") = "DokaModInterface", "DokaModInterface.csproj", "{3818F4B7-6333-4CB7-8F7B-788E2656780A}"
EndProject
Project("{2150E333-8FDC-42A3-9474-1A3956D46DE8}") = "Solution Items", "Solution Items", "{4763A5B5-8341-4B85-9805-6BEF2966810C}"
	ProjectSection(SolutionItems) = preProject
		.editorconfig = .editorconfig
	EndProjectSection
EndProject
Global
	GlobalSection(SolutionConfigurationPlatforms) = preSolution
		Debug|Any CPU = Debug|Any CPU
		Release|Any CPU = Release|Any CPU
	EndGlobalSection
	GlobalSection(ProjectConfigurationPlatforms) = postSolution
		{3818F4B7-6333-4CB7-8F7B-788E2656780A}.Debug|Any CPU.ActiveCfg = Debug|Any CPU
		{3818F4B7-6333-4CB7-8F7B-788E2656780A}.Debug|Any CPU.Build.0 = Debug|Any CPU
		{3818F4B7-6333-4CB7-8F7B-788E2656780A}.Release|Any CPU.ActiveCfg = Release|Any CPU
		{3818F4B7-6333-4CB7-8F7B-788E2656780A}.Release|Any CPU.Build.0 = Release|Any CPU
	EndGlobalSection
	GlobalSection(SolutionProperties) = preSolution
		HideSolutionNode = FALSE
	EndGlobalSection
	GlobalSection(ExtensibilityGlobals) = postSolution
		SolutionGuid = {240A76D1-FB59-4D5C-9E86-E2A64315F3AD}
	EndGlobalSection
EndGlobal
